// !$*UTF8*$!
{
	archiveVersion = 1;
	classes = {
	};
	objectVersion = 56;
	objects = {

/* Begin PBXBuildFile section */
		3699C14E290CA681004ED974 /* Assig10-Prog01.cpp in Sources */ = {isa = PBXBuildFile; fileRef = 3699C14D290CA681004ED974 /* Assig10-Prog01.cpp */; };
		3699C15B290CA9A8004ED974 /* Assig10-Prog02.cpp in Sources */ = {isa = PBXBuildFile; fileRef = 3699C15A290CA9A8004ED974 /* Assig10-Prog02.cpp */; };
		3699C166290CCEAB004ED974 /* Assig10-Prog03.cpp in Sources */ = {isa = PBXBuildFile; fileRef = 3699C165290CCEAB004ED974 /* Assig10-Prog03.cpp */; };
		3699C171290DE2DA004ED974 /* main.cpp in Sources */ = {isa = PBXBuildFile; fileRef = 3699C170290DE2DA004ED974 /* main.cpp */; };
/* End PBXBuildFile section */

/* Begin PBXCopyFilesBuildPhase section */
		3699C148290CA680004ED974 /* CopyFiles */ = {
			isa = PBXCopyFilesBuildPhase;
			buildActionMask = 2147483647;
			dstPath = /usr/share/man/man1/;
			dstSubfolderSpec = 0;
			files = (
			);
			runOnlyForDeploymentPostprocessing = 1;
		};
		3699C156290CA9A8004ED974 /* CopyFiles */ = {
			isa = PBXCopyFilesBuildPhase;
			buildActionMask = 2147483647;
			dstPath = /usr/share/man/man1/;
			dstSubfolderSpec = 0;
			files = (
			);
			runOnlyForDeploymentPostprocessing = 1;
		};
		3699C161290CCEAB004ED974 /* CopyFiles */ = {
			isa = PBXCopyFilesBuildPhase;
			buildActionMask = 2147483647;
			dstPath = /usr/share/man/man1/;
			dstSubfolderSpec = 0;
			files = (
			);
			runOnlyForDeploymentPostprocessing = 1;
		};
		3699C16C290DE2DA004ED974 /* CopyFiles */ = {
			isa = PBXCopyFilesBuildPhase;
			buildActionMask = 2147483647;
			dstPath = /usr/share/man/man1/;
			dstSubfolderSpec = 0;
			files = (
			);
			runOnlyForDeploymentPostprocessing = 1;
		};
/* End PBXCopyFilesBuildPhase section */

/* Begin PBXFileReference section */
		3699C14A290CA681004ED974 /* Assignment10 */ = {isa = PBXFileReference; explicitFileType = "compiled.mach-o.executable"; includeInIndex = 0; path = Assignment10; sourceTree = BUILT_PRODUCTS_DIR; };
		3699C14D290CA681004ED974 /* Assig10-Prog01.cpp */ = {isa = PBXFileReference; lastKnownFileType = sourcecode.cpp.cpp; path = "Assig10-Prog01.cpp"; sourceTree = "<group>"; };
		3699C158290CA9A8004ED974 /* Assig10-Prog02 */ = {isa = PBXFileReference; explicitFileType = "compiled.mach-o.executable"; includeInIndex = 0; path = "Assig10-Prog02"; sourceTree = BUILT_PRODUCTS_DIR; };
		3699C15A290CA9A8004ED974 /* Assig10-Prog02.cpp */ = {isa = PBXFileReference; lastKnownFileType = sourcecode.cpp.cpp; path = "Assig10-Prog02.cpp"; sourceTree = "<group>"; };
		3699C163290CCEAB004ED974 /* Assig10-Prog03 */ = {isa = PBXFileReference; explicitFileType = "compiled.mach-o.executable"; includeInIndex = 0; path = "Assig10-Prog03"; sourceTree = BUILT_PRODUCTS_DIR; };
		3699C165290CCEAB004ED974 /* Assig10-Prog03.cpp */ = {isa = PBXFileReference; lastKnownFileType = sourcecode.cpp.cpp; path = "Assig10-Prog03.cpp"; sourceTree = "<group>"; };
		3699C16E290DE2DA004ED974 /* delete */ = {isa = PBXFileReference; explicitFileType = "compiled.mach-o.executable"; includeInIndex = 0; path = delete; sourceTree = BUILT_PRODUCTS_DIR; };
		3699C170290DE2DA004ED974 /* main.cpp */ = {isa = PBXFileReference; lastKnownFileType = sourcecode.cpp.cpp; path = main.cpp; sourceTree = "<group>"; };
/* End PBXFileReference section */

/* Begin PBXFrameworksBuildPhase section */
		3699C147290CA680004ED974 /* Frameworks */ = {
			isa = PBXFrameworksBuildPhase;
			buildActionMask = 2147483647;
			files = (
			);
			runOnlyForDeploymentPostprocessing = 0;
		};
		3699C155290CA9A8004ED974 /* Frameworks */ = {
			isa = PBXFrameworksBuildPhase;
			buildActionMask = 2147483647;
			files = (
			);
			runOnlyForDeploymentPostprocessing = 0;
		};
		3699C160290CCEAB004ED974 /* Frameworks */ = {
			isa = PBXFrameworksBuildPhase;
			buildActionMask = 2147483647;
			files = (
			);
			runOnlyForDeploymentPostprocessing = 0;
		};
		3699C16B290DE2DA004ED974 /* Frameworks */ = {
			isa = PBXFrameworksBuildPhase;
			buildActionMask = 2147483647;
			files = (
			);
			runOnlyForDeploymentPostprocessing = 0;
		};
/* End PBXFrameworksBuildPhase section */

/* Begin PBXGroup section */
		3699C141290CA680004ED974 = {
			isa = PBXGroup;
			children = (
				3699C14C290CA681004ED974 /* Assignment10 */,
				3699C159290CA9A8004ED974 /* Assig10-Prog02 */,
				3699C164290CCEAB004ED974 /* Assig10-Prog03 */,
				3699C16F290DE2DA004ED974 /* delete */,
				3699C14B290CA681004ED974 /* Products */,
			);
			sourceTree = "<group>";
		};
		3699C14B290CA681004ED974 /* Products */ = {
			isa = PBXGroup;
			children = (
				3699C14A290CA681004ED974 /* Assignment10 */,
				3699C158290CA9A8004ED974 /* Assig10-Prog02 */,
				3699C163290CCEAB004ED974 /* Assig10-Prog03 */,
				3699C16E290DE2DA004ED974 /* delete */,
			);
			name = Products;
			sourceTree = "<group>";
		};
		3699C14C290CA681004ED974 /* Assignment10 */ = {
			isa = PBXGroup;
			children = (
				3699C14D290CA681004ED974 /* Assig10-Prog01.cpp */,
			);
			path = Assignment10;
			sourceTree = "<group>";
		};
		3699C159290CA9A8004ED974 /* Assig10-Prog02 */ = {
			isa = PBXGroup;
			children = (
				3699C15A290CA9A8004ED974 /* Assig10-Prog02.cpp */,
			);
			path = "Assig10-Prog02";
			sourceTree = "<group>";
		};
		3699C164290CCEAB004ED974 /* Assig10-Prog03 */ = {
			isa = PBXGroup;
			children = (
				3699C165290CCEAB004ED974 /* Assig10-Prog03.cpp */,
			);
			path = "Assig10-Prog03";
			sourceTree = "<group>";
		};
		3699C16F290DE2DA004ED974 /* delete */ = {
			isa = PBXGroup;
			children = (
				3699C170290DE2DA004ED974 /* main.cpp */,
			);
			path = delete;
			sourceTree = "<group>";
		};
/* End PBXGroup section */

/* Begin PBXNativeTarget section */
		3699C149290CA680004ED974 /* Assignment10 */ = {
			isa = PBXNativeTarget;
			buildConfigurationList = 3699C151290CA681004ED974 /* Build configuration list for PBXNativeTarget "Assignment10" */;
			buildPhases = (
				3699C146290CA680004ED974 /* Sources */,
				3699C147290CA680004ED974 /* Frameworks */,
				3699C148290CA680004ED974 /* CopyFiles */,
			);
			buildRules = (
			);
			dependencies = (
			);
			name = Assignment10;
			productName = Assignment10;
			productReference = 3699C14A290CA681004ED974 /* Assignment10 */;
			productType = "com.apple.product-type.tool";
		};
		3699C157290CA9A8004ED974 /* Assig10-Prog02 */ = {
			isa = PBXNativeTarget;
			buildConfigurationList = 3699C15C290CA9A8004ED974 /* Build configuration list for PBXNativeTarget "Assig10-Prog02" */;
			buildPhases = (
				3699C154290CA9A8004ED974 /* Sources */,
				3699C155290CA9A8004ED974 /* Frameworks */,
				3699C156290CA9A8004ED974 /* CopyFiles */,
			);
			buildRules = (
			);
			dependencies = (
			);
			name = "Assig10-Prog02";
			productName = "Assig10-Prog02";
			productReference = 3699C158290CA9A8004ED974 /* Assig10-Prog02 */;
			productType = "com.apple.product-type.tool";
		};
		3699C162290CCEAB004ED974 /* Assig10-Prog03 */ = {
			isa = PBXNativeTarget;
			buildConfigurationList = 3699C167290CCEAB004ED974 /* Build configuration list for PBXNativeTarget "Assig10-Prog03" */;
			buildPhases = (
				3699C15F290CCEAB004ED974 /* Sources */,
				3699C160290CCEAB004ED974 /* Frameworks */,
				3699C161290CCEAB004ED974 /* CopyFiles */,
			);
			buildRules = (
			);
			dependencies = (
			);
			name = "Assig10-Prog03";
			productName = "Assig10-Prog03";
			productReference = 3699C163290CCEAB004ED974 /* Assig10-Prog03 */;
			productType = "com.apple.product-type.tool";
		};
		3699C16D290DE2DA004ED974 /* delete */ = {
			isa = PBXNativeTarget;
			buildConfigurationList = 3699C172290DE2DA004ED974 /* Build configuration list for PBXNativeTarget "delete" */;
			buildPhases = (
				3699C16A290DE2DA004ED974 /* Sources */,
				3699C16B290DE2DA004ED974 /* Frameworks */,
				3699C16C290DE2DA004ED974 /* CopyFiles */,
			);
			buildRules = (
			);
			dependencies = (
			);
			name = delete;
			productName = delete;
			productReference = 3699C16E290DE2DA004ED974 /* delete */;
			productType = "com.apple.product-type.tool";
		};
/* End PBXNativeTarget section */

/* Begin PBXProject section */
		3699C142290CA680004ED974 /* Project object */ = {
			isa = PBXProject;
			attributes = {
				BuildIndependentTargetsInParallel = 1;
				LastUpgradeCheck = 1400;
				TargetAttributes = {
					3699C149290CA680004ED974 = {
						CreatedOnToolsVersion = 14.0.1;
					};
					3699C157290CA9A8004ED974 = {
						CreatedOnToolsVersion = 14.0.1;
					};
					3699C162290CCEAB004ED974 = {
						CreatedOnToolsVersion = 14.0.1;
					};
					3699C16D290DE2DA004ED974 = {
						CreatedOnToolsVersion = 14.0.1;
					};
				};
			};
			buildConfigurationList = 3699C145290CA680004ED974 /* Build configuration list for PBXProject "Assignment10" */;
			compatibilityVersion = "Xcode 14.0";
			developmentRegion = en;
			hasScannedForEncodings = 0;
			knownRegions = (
				en,
				Base,
			);
			mainGroup = 3699C141290CA680004ED974;
			productRefGroup = 3699C14B290CA681004ED974 /* Products */;
			projectDirPath = "";
			projectRoot = "";
			targets = (
				3699C149290CA680004ED974 /* Assignment10 */,
				3699C157290CA9A8004ED974 /* Assig10-Prog02 */,
				3699C162290CCEAB004ED974 /* Assig10-Prog03 */,
				3699C16D290DE2DA004ED974 /* delete */,
			);
		};
/* End PBXProject section */

/* Begin PBXSourcesBuildPhase section */
		3699C146290CA680004ED974 /* Sources */ = {
			isa = PBXSourcesBuildPhase;
			buildActionMask = 2147483647;
			files = (
				3699C14E290CA681004ED974 /* Assig10-Prog01.cpp in Sources */,
			);
			runOnlyForDeploymentPostprocessing = 0;
		};
		3699C154290CA9A8004ED974 /* Sources */ = {
			isa = PBXSourcesBuildPhase;
			buildActionMask = 2147483647;
			files = (
				3699C15B290CA9A8004ED974 /* Assig10-Prog02.cpp in Sources */,
			);
			runOnlyForDeploymentPostprocessing = 0;
		};
		3699C15F290CCEAB004ED974 /* Sources */ = {
			isa = PBXSourcesBuildPhase;
			buildActionMask = 2147483647;
			files = (
				3699C166290CCEAB004ED974 /* Assig10-Prog03.cpp in Sources */,
			);
			runOnlyForDeploymentPostprocessing = 0;
		};
		3699C16A290DE2DA004ED974 /* Sources */ = {
			isa = PBXSourcesBuildPhase;
			buildActionMask = 2147483647;
			files = (
				3699C171290DE2DA004ED974 /* main.cpp in Sources */,
			);
			runOnlyForDeploymentPostprocessing = 0;
		};
/* End PBXSourcesBuildPhase section */

/* Begin XCBuildConfiguration section */
		3699C14F290CA681004ED974 /* Debug */ = {
			isa = XCBuildConfiguration;
			buildSettings = {
				ALWAYS_SEARCH_USER_PATHS = NO;
				CLANG_ANALYZER_NONNULL = YES;
				CLANG_ANALYZER_NUMBER_OBJECT_CONVERSION = YES_AGGRESSIVE;
				CLANG_CXX_LANGUAGE_STANDARD = "gnu++20";
				CLANG_ENABLE_MODULES = YES;
				CLANG_ENABLE_OBJC_ARC = YES;
				CLANG_ENABLE_OBJC_WEAK = YES;
				CLANG_WARN_BLOCK_CAPTURE_AUTORELEASING = YES;
				CLANG_WARN_BOOL_CONVERSION = YES;
				CLANG_WARN_COMMA = YES;
				CLANG_WARN_CONSTANT_CONVERSION = YES;
				CLANG_WARN_DEPRECATED_OBJC_IMPLEMENTATIONS = YES;
				CLANG_WARN_DIRECT_OBJC_ISA_USAGE = YES_ERROR;
				CLANG_WARN_DOCUMENTATION_COMMENTS = YES;
				CLANG_WARN_EMPTY_BODY = YES;
				CLANG_WARN_ENUM_CONVERSION = YES;
				CLANG_WARN_INFINITE_RECURSION = YES;
				CLANG_WARN_INT_CONVERSION = YES;
				CLANG_WARN_NON_LITERAL_NULL_CONVERSION = YES;
				CLANG_WARN_OBJC_IMPLICIT_RETAIN_SELF = YES;
				CLANG_WARN_OBJC_LITERAL_CONVERSION = YES;
				CLANG_WARN_OBJC_ROOT_CLASS = YES_ERROR;
				CLANG_WARN_QUOTED_INCLUDE_IN_FRAMEWORK_HEADER = YES;
				CLANG_WARN_RANGE_LOOP_ANALYSIS = YES;
				CLANG_WARN_STRICT_PROTOTYPES = YES;
				CLANG_WARN_SUSPICIOUS_MOVE = YES;
				CLANG_WARN_UNGUARDED_AVAILABILITY = YES_AGGRESSIVE;
				CLANG_WARN_UNREACHABLE_CODE = YES;
				CLANG_WARN__DUPLICATE_METHOD_MATCH = YES;
				COPY_PHASE_STRIP = NO;
				DEBUG_INFORMATION_FORMAT = dwarf;
				ENABLE_STRICT_OBJC_MSGSEND = YES;
				ENABLE_TESTABILITY = YES;
				GCC_C_LANGUAGE_STANDARD = gnu11;
				GCC_DYNAMIC_NO_PIC = NO;
				GCC_NO_COMMON_BLOCKS = YES;
				GCC_OPTIMIZATION_LEVEL = 0;
				GCC_PREPROCESSOR_DEFINITIONS = (
					"DEBUG=1",
					"$(inherited)",
				);
				GCC_WARN_64_TO_32_BIT_CONVERSION = YES;
				GCC_WARN_ABOUT_RETURN_TYPE = YES_ERROR;
				GCC_WARN_UNDECLARED_SELECTOR = YES;
				GCC_WARN_UNINITIALIZED_AUTOS = YES_AGGRESSIVE;
				GCC_WARN_UNUSED_FUNCTION = YES;
				GCC_WARN_UNUSED_VARIABLE = YES;
				MACOSX_DEPLOYMENT_TARGET = 12.3;
				MTL_ENABLE_DEBUG_INFO = INCLUDE_SOURCE;
				MTL_FAST_MATH = YES;
				ONLY_ACTIVE_ARCH = YES;
				SDKROOT = macosx;
			};
			name = Debug;
		};
		3699C150290CA681004ED974 /* Release */ = {
			isa = XCBuildConfiguration;
			buildSettings = {
				ALWAYS_SEARCH_USER_PATHS = NO;
				CLANG_ANALYZER_NONNULL = YES;
				CLANG_ANALYZER_NUMBER_OBJECT_CONVERSION = YES_AGGRESSIVE;
				CLANG_CXX_LANGUAGE_STANDARD = "gnu++20";
				CLANG_ENABLE_MODULES = YES;
				CLANG_ENABLE_OBJC_ARC = YES;
				CLANG_ENABLE_OBJC_WEAK = YES;
				CLANG_WARN_BLOCK_CAPTURE_AUTORELEASING = YES;
				CLANG_WARN_BOOL_CONVERSION = YES;
				CLANG_WARN_COMMA = YES;
				CLANG_WARN_CONSTANT_CONVERSION = YES;
				CLANG_WARN_DEPRECATED_OBJC_IMPLEMENTATIONS = YES;
				CLANG_WARN_DIRECT_OBJC_ISA_USAGE = YES_ERROR;
				CLANG_WARN_DOCUMENTATION_COMMENTS = YES;
				CLANG_WARN_EMPTY_BODY = YES;
				CLANG_WARN_ENUM_CONVERSION = YES;
				CLANG_WARN_INFINITE_RECURSION = YES;
				CLANG_WARN_INT_CONVERSION = YES;
				CLANG_WARN_NON_LITERAL_NULL_CONVERSION = YES;
				CLANG_WARN_OBJC_IMPLICIT_RETAIN_SELF = YES;
				CLANG_WARN_OBJC_LITERAL_CONVERSION = YES;
				CLANG_WARN_OBJC_ROOT_CLASS = YES_ERROR;
				CLANG_WARN_QUOTED_INCLUDE_IN_FRAMEWORK_HEADER = YES;
				CLANG_WARN_RANGE_LOOP_ANALYSIS = YES;
				CLANG_WARN_STRICT_PROTOTYPES = YES;
				CLANG_WARN_SUSPICIOUS_MOVE = YES;
				CLANG_WARN_UNGUARDED_AVAILABILITY = YES_AGGRESSIVE;
				CLANG_WARN_UNREACHABLE_CODE = YES;
				CLANG_WARN__DUPLICATE_METHOD_MATCH = YES;
				COPY_PHASE_STRIP = NO;
				DEBUG_INFORMATION_FORMAT = "dwarf-with-dsym";
				ENABLE_NS_ASSERTIONS = NO;
				ENABLE_STRICT_OBJC_MSGSEND = YES;
				GCC_C_LANGUAGE_STANDARD = gnu11;
				GCC_NO_COMMON_BLOCKS = YES;
				GCC_WARN_64_TO_32_BIT_CONVERSION = YES;
				GCC_WARN_ABOUT_RETURN_TYPE = YES_ERROR;
				GCC_WARN_UNDECLARED_SELECTOR = YES;
				GCC_WARN_UNINITIALIZED_AUTOS = YES_AGGRESSIVE;
				GCC_WARN_UNUSED_FUNCTION = YES;
				GCC_WARN_UNUSED_VARIABLE = YES;
				MACOSX_DEPLOYMENT_TARGET = 12.3;
				MTL_ENABLE_DEBUG_INFO = NO;
				MTL_FAST_MATH = YES;
				SDKROOT = macosx;
			};
			name = Release;
		};
		3699C152290CA681004ED974 /* Debug */ = {
			isa = XCBuildConfiguration;
			buildSettings = {
				CODE_SIGN_STYLE = Automatic;
				PRODUCT_NAME = "$(TARGET_NAME)";
			};
			name = Debug;
		};
		3699C153290CA681004ED974 /* Release */ = {
			isa = XCBuildConfiguration;
			buildSettings = {
				CODE_SIGN_STYLE = Automatic;
				PRODUCT_NAME = "$(TARGET_NAME)";
			};
			name = Release;
		};
		3699C15D290CA9A8004ED974 /* Debug */ = {
			isa = XCBuildConfiguration;
			buildSettings = {
				CODE_SIGN_STYLE = Automatic;
				PRODUCT_NAME = "$(TARGET_NAME)";
			};
			name = Debug;
		};
		3699C15E290CA9A8004ED974 /* Release */ = {
			isa = XCBuildConfiguration;
			buildSettings = {
				CODE_SIGN_STYLE = Automatic;
				PRODUCT_NAME = "$(TARGET_NAME)";
			};
			name = Release;
		};
		3699C168290CCEAB004ED974 /* Debug */ = {
			isa = XCBuildConfiguration;
			buildSettings = {
				CODE_SIGN_STYLE = Automatic;
				PRODUCT_NAME = "$(TARGET_NAME)";
			};
			name = Debug;
		};
		3699C169290CCEAB004ED974 /* Release */ = {
			isa = XCBuildConfiguration;
			buildSettings = {
				CODE_SIGN_STYLE = Automatic;
				PRODUCT_NAME = "$(TARGET_NAME)";
			};
			name = Release;
		};
		3699C173290DE2DA004ED974 /* Debug */ = {
			isa = XCBuildConfiguration;
			buildSettings = {
				CODE_SIGN_STYLE = Automatic;
				PRODUCT_NAME = "$(TARGET_NAME)";
			};
			name = Debug;
		};
		3699C174290DE2DA004ED974 /* Release */ = {
			isa = XCBuildConfiguration;
			buildSettings = {
				CODE_SIGN_STYLE = Automatic;
				PRODUCT_NAME = "$(TARGET_NAME)";
			};
			name = Release;
		};
/* End XCBuildConfiguration section */

/* Begin XCConfigurationList section */
		3699C145290CA680004ED974 /* Build configuration list for PBXProject "Assignment10" */ = {
			isa = XCConfigurationList;
			buildConfigurations = (
				3699C14F290CA681004ED974 /* Debug */,
				3699C150290CA681004ED974 /* Release */,
			);
			defaultConfigurationIsVisible = 0;
			defaultConfigurationName = Release;
		};
		3699C151290CA681004ED974 /* Build configuration list for PBXNativeTarget "Assignment10" */ = {
			isa = XCConfigurationList;
			buildConfigurations = (
				3699C152290CA681004ED974 /* Debug */,
				3699C153290CA681004ED974 /* Release */,
			);
			defaultConfigurationIsVisible = 0;
			defaultConfigurationName = Release;
		};
		3699C15C290CA9A8004ED974 /* Build configuration list for PBXNativeTarget "Assig10-Prog02" */ = {
			isa = XCConfigurationList;
			buildConfigurations = (
				3699C15D290CA9A8004ED974 /* Debug */,
				3699C15E290CA9A8004ED974 /* Release */,
			);
			defaultConfigurationIsVisible = 0;
			defaultConfigurationName = Release;
		};
		3699C167290CCEAB004ED974 /* Build configuration list for PBXNativeTarget "Assig10-Prog03" */ = {
			isa = XCConfigurationList;
			buildConfigurations = (
				3699C168290CCEAB004ED974 /* Debug */,
				3699C169290CCEAB004ED974 /* Release */,
			);
			defaultConfigurationIsVisible = 0;
			defaultConfigurationName = Release;
		};
		3699C172290DE2DA004ED974 /* Build configuration list for PBXNativeTarget "delete" */ = {
			isa = XCConfigurationList;
			buildConfigurations = (
				3699C173290DE2DA004ED974 /* Debug */,
				3699C174290DE2DA004ED974 /* Release */,
			);
			defaultConfigurationIsVisible = 0;
			defaultConfigurationName = Release;
		};
/* End XCConfigurationList section */
	};
	rootObject = 3699C142290CA680004ED974 /* Project object */;
}
